{
  "originHash" : "c819b33f992302e5fca6841af4e25df1975ba825125f11f4e16c180e21b9627b",
  "pins" : [
    {
      "identity" : "elementary",
      "kind" : "remoteSourceControl",
      "location" : "https://github.com/elementary-swift/elementary",
      "state" : {
        "revision" : "37b26923e73156f524b52e649855277bc7ead2c2",
        "version" : "0.7.1"
      }
    },
    {
      "identity" : "elementary-ui",
      "kind" : "remoteSourceControl",
      "location" : "https://github.com/elementary-swift/elementary-ui",
      "state" : {
        "revision" : "7b1083a0d44398d5d84f263783ce1f7f740ea507",
        "version" : "0.1.8"
      }
    },
    {
      "identity" : "javascriptkit",
      "kind" : "remoteSourceControl",
      "location" : "https://github.com/swiftwasm/JavaScriptKit",
      "state" : {
        "revision" : "5529520b25638aa86765ab33b175289f1ab263a3",
        "version" : "0.46.5"
      }
    },
    {
      "identity" : "swift-syntax",
      "kind" : "remoteSourceControl",
      "location" : "https://github.com/swiftlang/swift-syntax",
      "state" : {
        "revision" : "4799286537280063c85a32f09884cfbca301b1a1",
        "version" : "602.0.0"
      }
    }
  ],
  "version" : 3
}
